// !$*UTF8*$!
{
	archiveVersion = 1;
	classes = {
	};
	objectVersion = 50;
	objects = {

/* Begin PBXBuildFile section */
		2F12009621064E1400057101 /* ListGamesTableViewController.swift in Sources */ = {isa = PBXBuildFile; fileRef = 2F12009521064E1400057101 /* ListGamesTableViewController.swift */; };
		2F120098210652BC00057101 /* ListGamesTableViewCell.swift in Sources */ = {isa = PBXBuildFile; fileRef = 2F120097210652BC00057101 /* ListGamesTableViewCell.swift */; };
		2F12009A210684B900057101 /* MainScreenViewController.swift in Sources */ = {isa = PBXBuildFile; fileRef = 2F120099210684B900057101 /* MainScreenViewController.swift */; };
		2F1200A42106956500057101 /* Position.swift in Sources */ = {isa = PBXBuildFile; fileRef = 2F1200A32106956500057101 /* Position.swift */; };
		2F1200A6210696F100057101 /* OutsideHitter.swift in Sources */ = {isa = PBXBuildFile; fileRef = 2F1200A5210696F100057101 /* OutsideHitter.swift */; };
		2F1200A92106973400057101 /* RightSideHitter.swift in Sources */ = {isa = PBXBuildFile; fileRef = 2F1200A82106973400057101 /* RightSideHitter.swift */; };
		2F1200AB2106973E00057101 /* Setter.swift in Sources */ = {isa = PBXBuildFile; fileRef = 2F1200AA2106973E00057101 /* Setter.swift */; };
		2F1200AD2106974800057101 /* Libero.swift in Sources */ = {isa = PBXBuildFile; fileRef = 2F1200AC2106974800057101 /* Libero.swift */; };
		2F1200AF2106975C00057101 /* MiddleBlocker.swift in Sources */ = {isa = PBXBuildFile; fileRef = 2F1200AE2106975C00057101 /* MiddleBlocker.swift */; };
		2F1200B321069B5F00057101 /* ViewController 15-51-56-018.swift in Sources */ = {isa = PBXBuildFile; fileRef = 2F1200B221069B5E00057101 /* ViewController 15-51-56-018.swift */; };
		2F1200B521078E7300057101 /* DateToStringConversion.swift in Sources */ = {isa = PBXBuildFile; fileRef = 2F1200B421078E7300057101 /* DateToStringConversion.swift */; };
		2F1200B72107BB8600057101 /* CoreDataHelper.swift in Sources */ = {isa = PBXBuildFile; fileRef = 2F1200B62107BB8600057101 /* CoreDataHelper.swift */; };
		2F1200C6210A3E8000057101 /* OptionsScreenViewController.swift in Sources */ = {isa = PBXBuildFile; fileRef = 2F1200C5210A3E8000057101 /* OptionsScreenViewController.swift */; };
		2F1200CC210B913800057101 /* Player.swift in Sources */ = {isa = PBXBuildFile; fileRef = 2F1200CB210B913800057101 /* Player.swift */; };
		2F5E18F821064400004B8103 /* AppDelegate.swift in Sources */ = {isa = PBXBuildFile; fileRef = 2F5E18F721064400004B8103 /* AppDelegate.swift */; };
		2F5E18FD21064400004B8103 /* Main.storyboard in Resources */ = {isa = PBXBuildFile; fileRef = 2F5E18FB21064400004B8103 /* Main.storyboard */; };
		2F5E190021064400004B8103 /* StatsVB.xcdatamodeld in Sources */ = {isa = PBXBuildFile; fileRef = 2F5E18FE21064400004B8103 /* StatsVB.xcdatamodeld */; };
		2F5E190221064402004B8103 /* Assets.xcassets in Resources */ = {isa = PBXBuildFile; fileRef = 2F5E190121064402004B8103 /* Assets.xcassets */; };
		2F5E190521064402004B8103 /* LaunchScreen.storyboard in Resources */ = {isa = PBXBuildFile; fileRef = 2F5E190321064402004B8103 /* LaunchScreen.storyboard */; };
		2F5E191021064402004B8103 /* StatsVBTests.swift in Sources */ = {isa = PBXBuildFile; fileRef = 2F5E190F21064402004B8103 /* StatsVBTests.swift */; };
		2F5E191B21064402004B8103 /* StatsVBUITests.swift in Sources */ = {isa = PBXBuildFile; fileRef = 2F5E191A21064402004B8103 /* StatsVBUITests.swift */; };
		2FEAC973210F87D3001BC044 /* NewPlayerMenuViewController.swift in Sources */ = {isa = PBXBuildFile; fileRef = 2FEAC972210F87D3001BC044 /* NewPlayerMenuViewController.swift */; };
/* End PBXBuildFile section */

/* Begin PBXContainerItemProxy section */
		2F5E190C21064402004B8103 /* PBXContainerItemProxy */ = {
			isa = PBXContainerItemProxy;
			containerPortal = 2F5E18EC21064400004B8103 /* Project object */;
			proxyType = 1;
			remoteGlobalIDString = 2F5E18F321064400004B8103;
			remoteInfo = StatsVB;
		};
		2F5E191721064402004B8103 /* PBXContainerItemProxy */ = {
			isa = PBXContainerItemProxy;
			containerPortal = 2F5E18EC21064400004B8103 /* Project object */;
			proxyType = 1;
			remoteGlobalIDString = 2F5E18F321064400004B8103;
			remoteInfo = StatsVB;
		};
/* End PBXContainerItemProxy section */

/* Begin PBXFileReference section */
		2F12009521064E1400057101 /* ListGamesTableViewController.swift */ = {isa = PBXFileReference; lastKnownFileType = sourcecode.swift; path = ListGamesTableViewController.swift; sourceTree = "<group>"; };
		2F120097210652BC00057101 /* ListGamesTableViewCell.swift */ = {isa = PBXFileReference; lastKnownFileType = sourcecode.swift; path = ListGamesTableViewCell.swift; sourceTree = "<group>"; };
		2F120099210684B900057101 /* MainScreenViewController.swift */ = {isa = PBXFileReference; lastKnownFileType = sourcecode.swift; path = MainScreenViewController.swift; sourceTree = "<group>"; };
		2F1200A32106956500057101 /* Position.swift */ = {isa = PBXFileReference; lastKnownFileType = sourcecode.swift; path = Position.swift; sourceTree = "<group>"; };
		2F1200A5210696F100057101 /* OutsideHitter.swift */ = {isa = PBXFileReference; lastKnownFileType = sourcecode.swift; path = OutsideHitter.swift; sourceTree = "<group>"; };
		2F1200A82106973400057101 /* RightSideHitter.swift */ = {isa = PBXFileReference; lastKnownFileType = sourcecode.swift; path = RightSideHitter.swift; sourceTree = "<group>"; };
		2F1200AA2106973E00057101 /* Setter.swift */ = {isa = PBXFileReference; lastKnownFileType = sourcecode.swift; path = Setter.swift; sourceTree = "<group>"; };
		2F1200AC2106974800057101 /* Libero.swift */ = {isa = PBXFileReference; lastKnownFileType = sourcecode.swift; path = Libero.swift; sourceTree = "<group>"; };
		2F1200AE2106975C00057101 /* MiddleBlocker.swift */ = {isa = PBXFileReference; lastKnownFileType = sourcecode.swift; path = MiddleBlocker.swift; sourceTree = "<group>"; };
		2F1200B221069B5E00057101 /* ViewController 15-51-56-018.swift */ = {isa = PBXFileReference; fileEncoding = 4; lastKnownFileType = sourcecode.swift; name = "ViewController 15-51-56-018.swift"; path = "../../../../../.Trash/ViewController 15-51-56-018.swift"; sourceTree = "<group>"; };
		2F1200B421078E7300057101 /* DateToStringConversion.swift */ = {isa = PBXFileReference; lastKnownFileType = sourcecode.swift; path = DateToStringConversion.swift; sourceTree = "<group>"; };
		2F1200B62107BB8600057101 /* CoreDataHelper.swift */ = {isa = PBXFileReference; lastKnownFileType = sourcecode.swift; path = CoreDataHelper.swift; sourceTree = "<group>"; };
		2F1200C5210A3E8000057101 /* OptionsScreenViewController.swift */ = {isa = PBXFileReference; lastKnownFileType = sourcecode.swift; path = OptionsScreenViewController.swift; sourceTree = "<group>"; };
		2F1200CB210B913800057101 /* Player.swift */ = {isa = PBXFileReference; lastKnownFileType = sourcecode.swift; path = Player.swift; sourceTree = "<group>"; };
		2F5E18F421064400004B8103 /* StatsVB.app */ = {isa = PBXFileReference; explicitFileType = wrapper.application; includeInIndex = 0; path = StatsVB.app; sourceTree = BUILT_PRODUCTS_DIR; };
		2F5E18F721064400004B8103 /* AppDelegate.swift */ = {isa = PBXFileReference; lastKnownFileType = sourcecode.swift; path = AppDelegate.swift; sourceTree = "<group>"; };
		2F5E18FC21064400004B8103 /* Base */ = {isa = PBXFileReference; lastKnownFileType = file.storyboard; name = Base; path = Base.lproj/Main.storyboard; sourceTree = "<group>"; };
		2F5E18FF21064400004B8103 /* StatsVB.xcdatamodel */ = {isa = PBXFileReference; lastKnownFileType = wrapper.xcdatamodel; path = StatsVB.xcdatamodel; sourceTree = "<group>"; };
		2F5E190121064402004B8103 /* Assets.xcassets */ = {isa = PBXFileReference; lastKnownFileType = folder.assetcatalog; path = Assets.xcassets; sourceTree = "<group>"; };
		2F5E190421064402004B8103 /* Base */ = {isa = PBXFileReference; lastKnownFileType = file.storyboard; name = Base; path = Base.lproj/LaunchScreen.storyboard; sourceTree = "<group>"; };
		2F5E190621064402004B8103 /* Info.plist */ = {isa = PBXFileReference; lastKnownFileType = text.plist.xml; path = Info.plist; sourceTree = "<group>"; };
		2F5E190B21064402004B8103 /* StatsVBTests.xctest */ = {isa = PBXFileReference; explicitFileType = wrapper.cfbundle; includeInIndex = 0; path = StatsVBTests.xctest; sourceTree = BUILT_PRODUCTS_DIR; };
		2F5E190F21064402004B8103 /* StatsVBTests.swift */ = {isa = PBXFileReference; lastKnownFileType = sourcecode.swift; path = StatsVBTests.swift; sourceTree = "<group>"; };
		2F5E191121064402004B8103 /* Info.plist */ = {isa = PBXFileReference; lastKnownFileType = text.plist.xml; path = Info.plist; sourceTree = "<group>"; };
		2F5E191621064402004B8103 /* StatsVBUITests.xctest */ = {isa = PBXFileReference; explicitFileType = wrapper.cfbundle; includeInIndex = 0; path = StatsVBUITests.xctest; sourceTree = BUILT_PRODUCTS_DIR; };
		2F5E191A21064402004B8103 /* StatsVBUITests.swift */ = {isa = PBXFileReference; lastKnownFileType = sourcecode.swift; path = StatsVBUITests.swift; sourceTree = "<group>"; };
		2F5E191C21064402004B8103 /* Info.plist */ = {isa = PBXFileReference; lastKnownFileType = text.plist.xml; path = Info.plist; sourceTree = "<group>"; };
		2FEAC972210F87D3001BC044 /* NewPlayerMenuViewController.swift */ = {isa = PBXFileReference; lastKnownFileType = sourcecode.swift; path = NewPlayerMenuViewController.swift; sourceTree = "<group>"; };
/* End PBXFileReference section */

/* Begin PBXFrameworksBuildPhase section */
		2F5E18F121064400004B8103 /* Frameworks */ = {
			isa = PBXFrameworksBuildPhase;
			buildActionMask = 2147483647;
			files = (
			);
			runOnlyForDeploymentPostprocessing = 0;
		};
		2F5E190821064402004B8103 /* Frameworks */ = {
			isa = PBXFrameworksBuildPhase;
			buildActionMask = 2147483647;
			files = (
			);
			runOnlyForDeploymentPostprocessing = 0;
		};
		2F5E191321064402004B8103 /* Frameworks */ = {
			isa = PBXFrameworksBuildPhase;
			buildActionMask = 2147483647;
			files = (
			);
			runOnlyForDeploymentPostprocessing = 0;
		};
/* End PBXFrameworksBuildPhase section */

/* Begin PBXGroup section */
		2F12009B2106936200057101 /* Controllers */ = {
			isa = PBXGroup;
			children = (
				2F1200B221069B5E00057101 /* ViewController 15-51-56-018.swift */,
				2F12009521064E1400057101 /* ListGamesTableViewController.swift */,
				2F120099210684B900057101 /* MainScreenViewController.swift */,
				2F1200C5210A3E8000057101 /* OptionsScreenViewController.swift */,
				2FEAC972210F87D3001BC044 /* NewPlayerMenuViewController.swift */,
			);
			path = Controllers;
			sourceTree = "<group>";
		};
		2F12009C2106939300057101 /* Storyboards */ = {
			isa = PBXGroup;
			children = (
				2F5E190321064402004B8103 /* LaunchScreen.storyboard */,
				2F5E18FB21064400004B8103 /* Main.storyboard */,
			);
			path = Storyboards;
			sourceTree = "<group>";
		};
		2F12009D210693A400057101 /* Views */ = {
			isa = PBXGroup;
			children = (
				2F120097210652BC00057101 /* ListGamesTableViewCell.swift */,
			);
			path = Views;
			sourceTree = "<group>";
		};
		2F1200A02106941000057101 /* Models */ = {
			isa = PBXGroup;
			children = (
				2F1200A32106956500057101 /* Position.swift */,
				2F1200A7210696F600057101 /* Positions */,
				2F1200CB210B913800057101 /* Player.swift */,
			);
			path = Models;
			sourceTree = "<group>";
		};
		2F1200A7210696F600057101 /* Positions */ = {
			isa = PBXGroup;
			children = (
				2F1200A5210696F100057101 /* OutsideHitter.swift */,
				2F1200A82106973400057101 /* RightSideHitter.swift */,
				2F1200AA2106973E00057101 /* Setter.swift */,
				2F1200AC2106974800057101 /* Libero.swift */,
				2F1200AE2106975C00057101 /* MiddleBlocker.swift */,
			);
			path = Positions;
			sourceTree = "<group>";
		};
		2F1200B82107BCCE00057101 /* Helpers */ = {
			isa = PBXGroup;
			children = (
				2F1200B421078E7300057101 /* DateToStringConversion.swift */,
				2F1200B62107BB8600057101 /* CoreDataHelper.swift */,
			);
			path = Helpers;
			sourceTree = "<group>";
		};
		2F5E18EB21064400004B8103 = {
			isa = PBXGroup;
			children = (
				2F5E18F621064400004B8103 /* StatsVB */,
				2F5E190E21064402004B8103 /* StatsVBTests */,
				2F5E191921064402004B8103 /* StatsVBUITests */,
				2F5E18F521064400004B8103 /* Products */,
			);
			sourceTree = "<group>";
		};
		2F5E18F521064400004B8103 /* Products */ = {
			isa = PBXGroup;
			children = (
				2F5E18F421064400004B8103 /* StatsVB.app */,
				2F5E190B21064402004B8103 /* StatsVBTests.xctest */,
				2F5E191621064402004B8103 /* StatsVBUITests.xctest */,
			);
			name = Products;
			sourceTree = "<group>";
		};
		2F5E18F621064400004B8103 /* StatsVB */ = {
			isa = PBXGroup;
			children = (
				2F1200B82107BCCE00057101 /* Helpers */,
				2F1200A02106941000057101 /* Models */,
				2F12009D210693A400057101 /* Views */,
				2F12009C2106939300057101 /* Storyboards */,
				2F12009B2106936200057101 /* Controllers */,
				2F5E18F721064400004B8103 /* AppDelegate.swift */,
				2F5E190121064402004B8103 /* Assets.xcassets */,
				2F5E190621064402004B8103 /* Info.plist */,
				2F5E18FE21064400004B8103 /* StatsVB.xcdatamodeld */,
			);
			path = StatsVB;
			sourceTree = "<group>";
		};
		2F5E190E21064402004B8103 /* StatsVBTests */ = {
			isa = PBXGroup;
			children = (
				2F5E190F21064402004B8103 /* StatsVBTests.swift */,
				2F5E191121064402004B8103 /* Info.plist */,
			);
			path = StatsVBTests;
			sourceTree = "<group>";
		};
		2F5E191921064402004B8103 /* StatsVBUITests */ = {
			isa = PBXGroup;
			children = (
				2F5E191A21064402004B8103 /* StatsVBUITests.swift */,
				2F5E191C21064402004B8103 /* Info.plist */,
			);
			path = StatsVBUITests;
			sourceTree = "<group>";
		};
/* End PBXGroup section */

/* Begin PBXNativeTarget section */
		2F5E18F321064400004B8103 /* StatsVB */ = {
			isa = PBXNativeTarget;
			buildConfigurationList = 2F5E191F21064402004B8103 /* Build configuration list for PBXNativeTarget "StatsVB" */;
			buildPhases = (
				2F5E18F021064400004B8103 /* Sources */,
				2F5E18F121064400004B8103 /* Frameworks */,
				2F5E18F221064400004B8103 /* Resources */,
			);
			buildRules = (
			);
			dependencies = (
			);
			name = StatsVB;
			productName = StatsVB;
			productReference = 2F5E18F421064400004B8103 /* StatsVB.app */;
			productType = "com.apple.product-type.application";
		};
		2F5E190A21064402004B8103 /* StatsVBTests */ = {
			isa = PBXNativeTarget;
			buildConfigurationList = 2F5E192221064402004B8103 /* Build configuration list for PBXNativeTarget "StatsVBTests" */;
			buildPhases = (
				2F5E190721064402004B8103 /* Sources */,
				2F5E190821064402004B8103 /* Frameworks */,
				2F5E190921064402004B8103 /* Resources */,
			);
			buildRules = (
			);
			dependencies = (
				2F5E190D21064402004B8103 /* PBXTargetDependency */,
			);
			name = StatsVBTests;
			productName = StatsVBTests;
			productReference = 2F5E190B21064402004B8103 /* StatsVBTests.xctest */;
			productType = "com.apple.product-type.bundle.unit-test";
		};
		2F5E191521064402004B8103 /* StatsVBUITests */ = {
			isa = PBXNativeTarget;
			buildConfigurationList = 2F5E192521064402004B8103 /* Build configuration list for PBXNativeTarget "StatsVBUITests" */;
			buildPhases = (
				2F5E191221064402004B8103 /* Sources */,
				2F5E191321064402004B8103 /* Frameworks */,
				2F5E191421064402004B8103 /* Resources */,
			);
			buildRules = (
			);
			dependencies = (
				2F5E191821064402004B8103 /* PBXTargetDependency */,
			);
			name = StatsVBUITests;
			productName = StatsVBUITests;
			productReference = 2F5E191621064402004B8103 /* StatsVBUITests.xctest */;
			productType = "com.apple.product-type.bundle.ui-testing";
		};
/* End PBXNativeTarget section */

/* Begin PBXProject section */
		2F5E18EC21064400004B8103 /* Project object */ = {
			isa = PBXProject;
			attributes = {
				LastSwiftUpdateCheck = 0940;
				LastUpgradeCheck = 0940;
				ORGANIZATIONNAME = "Liam Bakar";
				TargetAttributes = {
					2F5E18F321064400004B8103 = {
						CreatedOnToolsVersion = 9.4.1;
					};
					2F5E190A21064402004B8103 = {
						CreatedOnToolsVersion = 9.4.1;
						TestTargetID = 2F5E18F321064400004B8103;
					};
					2F5E191521064402004B8103 = {
						CreatedOnToolsVersion = 9.4.1;
						TestTargetID = 2F5E18F321064400004B8103;
					};
				};
			};
			buildConfigurationList = 2F5E18EF21064400004B8103 /* Build configuration list for PBXProject "StatsVB" */;
			compatibilityVersion = "Xcode 9.3";
			developmentRegion = en;
			hasScannedForEncodings = 0;
			knownRegions = (
				en,
				Base,
			);
			mainGroup = 2F5E18EB21064400004B8103;
			productRefGroup = 2F5E18F521064400004B8103 /* Products */;
			projectDirPath = "";
			projectRoot = "";
			targets = (
				2F5E18F321064400004B8103 /* StatsVB */,
				2F5E190A21064402004B8103 /* StatsVBTests */,
				2F5E191521064402004B8103 /* StatsVBUITests */,
			);
		};
/* End PBXProject section */

/* Begin PBXResourcesBuildPhase section */
		2F5E18F221064400004B8103 /* Resources */ = {
			isa = PBXResourcesBuildPhase;
			buildActionMask = 2147483647;
			files = (
				2F5E190521064402004B8103 /* LaunchScreen.storyboard in Resources */,
				2F5E190221064402004B8103 /* Assets.xcassets in Resources */,
				2F5E18FD21064400004B8103 /* Main.storyboard in Resources */,
			);
			runOnlyForDeploymentPostprocessing = 0;
		};
		2F5E190921064402004B8103 /* Resources */ = {
			isa = PBXResourcesBuildPhase;
			buildActionMask = 2147483647;
			files = (
			);
			runOnlyForDeploymentPostprocessing = 0;
		};
		2F5E191421064402004B8103 /* Resources */ = {
			isa = PBXResourcesBuildPhase;
			buildActionMask = 2147483647;
			files = (
			);
			runOnlyForDeploymentPostprocessing = 0;
		};
/* End PBXResourcesBuildPhase section */

/* Begin PBXSourcesBuildPhase section */
		2F5E18F021064400004B8103 /* Sources */ = {
			isa = PBXSourcesBuildPhase;
			buildActionMask = 2147483647;
			files = (
				2F120098210652BC00057101 /* ListGamesTableViewCell.swift in Sources */,
				2F1200AF2106975C00057101 /* MiddleBlocker.swift in Sources */,
				2FEAC973210F87D3001BC044 /* NewPlayerMenuViewController.swift in Sources */,
				2F1200B72107BB8600057101 /* CoreDataHelper.swift in Sources */,
				2F12009621064E1400057101 /* ListGamesTableViewController.swift in Sources */,
				2F1200CC210B913800057101 /* Player.swift in Sources */,
				2F1200A42106956500057101 /* Position.swift in Sources */,
				2F1200B521078E7300057101 /* DateToStringConversion.swift in Sources */,
				2F1200A92106973400057101 /* RightSideHitter.swift in Sources */,
				2F1200B321069B5F00057101 /* ViewController 15-51-56-018.swift in Sources */,
				2F5E190021064400004B8103 /* StatsVB.xcdatamodeld in Sources */,
				2F1200A6210696F100057101 /* OutsideHitter.swift in Sources */,
				2F1200AD2106974800057101 /* Libero.swift in Sources */,
				2F5E18F821064400004B8103 /* AppDelegate.swift in Sources */,
				2F1200AB2106973E00057101 /* Setter.swift in Sources */,
				2F12009A210684B900057101 /* MainScreenViewController.swift in Sources */,
				2F1200C6210A3E8000057101 /* OptionsScreenViewController.swift in Sources */,
			);
			runOnlyForDeploymentPostprocessing = 0;
		};
		2F5E190721064402004B8103 /* Sources */ = {
			isa = PBXSourcesBuildPhase;
			buildActionMask = 2147483647;
			files = (
				2F5E191021064402004B8103 /* StatsVBTests.swift in Sources */,
			);
			runOnlyForDeploymentPostprocessing = 0;
		};
		2F5E191221064402004B8103 /* Sources */ = {
			isa = PBXSourcesBuildPhase;
			buildActionMask = 2147483647;
			files = (
				2F5E191B21064402004B8103 /* StatsVBUITests.swift in Sources */,
			);
			runOnlyForDeploymentPostprocessing = 0;
		};
/* End PBXSourcesBuildPhase section */

/* Begin PBXTargetDependency section */
		2F5E190D21064402004B8103 /* PBXTargetDependency */ = {
			isa = PBXTargetDependency;
			target = 2F5E18F321064400004B8103 /* StatsVB */;
			targetProxy = 2F5E190C21064402004B8103 /* PBXContainerItemProxy */;
		};
		2F5E191821064402004B8103 /* PBXTargetDependency */ = {
			isa = PBXTargetDependency;
			target = 2F5E18F321064400004B8103 /* StatsVB */;
			targetProxy = 2F5E191721064402004B8103 /* PBXContainerItemProxy */;
		};
/* End PBXTargetDependency section */

/* Begin PBXVariantGroup section */
		2F5E18FB21064400004B8103 /* Main.storyboard */ = {
			isa = PBXVariantGroup;
			children = (
				2F5E18FC21064400004B8103 /* Base */,
			);
			name = Main.storyboard;
			sourceTree = "<group>";
		};
		2F5E190321064402004B8103 /* LaunchScreen.storyboard */ = {
			isa = PBXVariantGroup;
			children = (
				2F5E190421064402004B8103 /* Base */,
			);
			name = LaunchScreen.storyboard;
			sourceTree = "<group>";
		};
/* End PBXVariantGroup section */

/* Begin XCBuildConfiguration section */
		2F5E191D21064402004B8103 /* Debug */ = {
			isa = XCBuildConfiguration;
			buildSettings = {
				ALWAYS_SEARCH_USER_PATHS = NO;
				CLANG_ANALYZER_NONNULL = YES;
				CLANG_ANALYZER_NUMBER_OBJECT_CONVERSION = YES_AGGRESSIVE;
				CLANG_CXX_LANGUAGE_STANDARD = "gnu++14";
				CLANG_CXX_LIBRARY = "libc++";
				CLANG_ENABLE_MODULES = YES;
				CLANG_ENABLE_OBJC_ARC = YES;
				CLANG_ENABLE_OBJC_WEAK = YES;
				CLANG_WARN_BLOCK_CAPTURE_AUTORELEASING = YES;
				CLANG_WARN_BOOL_CONVERSION = YES;
				CLANG_WARN_COMMA = YES;
				CLANG_WARN_CONSTANT_CONVERSION = YES;
				CLANG_WARN_DEPRECATED_OBJC_IMPLEMENTATIONS = YES;
				CLANG_WARN_DIRECT_OBJC_ISA_USAGE = YES_ERROR;
				CLANG_WARN_DOCUMENTATION_COMMENTS = YES;
				CLANG_WARN_EMPTY_BODY = YES;
				CLANG_WARN_ENUM_CONVERSION = YES;
				CLANG_WARN_INFINITE_RECURSION = YES;
				CLANG_WARN_INT_CONVERSION = YES;
				CLANG_WARN_NON_LITERAL_NULL_CONVERSION = YES;
				CLANG_WARN_OBJC_IMPLICIT_RETAIN_SELF = YES;
				CLANG_WARN_OBJC_LITERAL_CONVERSION = YES;
				CLANG_WARN_OBJC_ROOT_CLASS = YES_ERROR;
				CLANG_WARN_RANGE_LOOP_ANALYSIS = YES;
				CLANG_WARN_STRICT_PROTOTYPES = YES;
				CLANG_WARN_SUSPICIOUS_MOVE = YES;
				CLANG_WARN_UNGUARDED_AVAILABILITY = YES_AGGRESSIVE;
				CLANG_WARN_UNREACHABLE_CODE = YES;
				CLANG_WARN__DUPLICATE_METHOD_MATCH = YES;
				CODE_SIGN_IDENTITY = "iPhone Developer";
				COPY_PHASE_STRIP = NO;
				DEBUG_INFORMATION_FORMAT = dwarf;
				ENABLE_STRICT_OBJC_MSGSEND = YES;
				ENABLE_TESTABILITY = YES;
				GCC_C_LANGUAGE_STANDARD = gnu11;
				GCC_DYNAMIC_NO_PIC = NO;
				GCC_NO_COMMON_BLOCKS = YES;
				GCC_OPTIMIZATION_LEVEL = 0;
				GCC_PREPROCESSOR_DEFINITIONS = (
					"DEBUG=1",
					"$(inherited)",
				);
				GCC_WARN_64_TO_32_BIT_CONVERSION = YES;
				GCC_WARN_ABOUT_RETURN_TYPE = YES_ERROR;
				GCC_WARN_UNDECLARED_SELECTOR = YES;
				GCC_WARN_UNINITIALIZED_AUTOS = YES_AGGRESSIVE;
				GCC_WARN_UNUSED_FUNCTION = YES;
				GCC_WARN_UNUSED_VARIABLE = YES;
				IPHONEOS_DEPLOYMENT_TARGET = 11.4;
				MTL_ENABLE_DEBUG_INFO = YES;
				ONLY_ACTIVE_ARCH = YES;
				SDKROOT = iphoneos;
				SWIFT_ACTIVE_COMPILATION_CONDITIONS = DEBUG;
				SWIFT_OPTIMIZATION_LEVEL = "-Onone";
			};
			name = Debug;
		};
		2F5E191E21064402004B8103 /* Release */ = {
			isa = XCBuildConfiguration;
			buildSettings = {
				ALWAYS_SEARCH_USER_PATHS = NO;
				CLANG_ANALYZER_NONNULL = YES;
				CLANG_ANALYZER_NUMBER_OBJECT_CONVERSION = YES_AGGRESSIVE;
				CLANG_CXX_LANGUAGE_STANDARD = "gnu++14";
				CLANG_CXX_LIBRARY = "libc++";
				CLANG_ENABLE_MODULES = YES;
				CLANG_ENABLE_OBJC_ARC = YES;
				CLANG_ENABLE_OBJC_WEAK = YES;
				CLANG_WARN_BLOCK_CAPTURE_AUTORELEASING = YES;
				CLANG_WARN_BOOL_CONVERSION = YES;
				CLANG_WARN_COMMA = YES;
				CLANG_WARN_CONSTANT_CONVERSION = YES;
				CLANG_WARN_DEPRECATED_OBJC_IMPLEMENTATIONS = YES;
				CLANG_WARN_DIRECT_OBJC_ISA_USAGE = YES_ERROR;
				CLANG_WARN_DOCUMENTATION_COMMENTS = YES;
				CLANG_WARN_EMPTY_BODY = YES;
				CLANG_WARN_ENUM_CONVERSION = YES;
				CLANG_WARN_INFINITE_RECURSION = YES;
				CLANG_WARN_INT_CONVERSION = YES;
				CLANG_WARN_NON_LITERAL_NULL_CONVERSION = YES;
				CLANG_WARN_OBJC_IMPLICIT_RETAIN_SELF = YES;
				CLANG_WARN_OBJC_LITERAL_CONVERSION = YES;
				CLANG_WARN_OBJC_ROOT_CLASS = YES_ERROR;
				CLANG_WARN_RANGE_LOOP_ANALYSIS = YES;
				CLANG_WARN_STRICT_PROTOTYPES = YES;
				CLANG_WARN_SUSPICIOUS_MOVE = YES;
				CLANG_WARN_UNGUARDED_AVAILABILITY = YES_AGGRESSIVE;
				CLANG_WARN_UNREACHABLE_CODE = YES;
				CLANG_WARN__DUPLICATE_METHOD_MATCH = YES;
				CODE_SIGN_IDENTITY = "iPhone Developer";
				COPY_PHASE_STRIP = NO;
				DEBUG_INFORMATION_FORMAT = "dwarf-with-dsym";
				ENABLE_NS_ASSERTIONS = NO;
				ENABLE_STRICT_OBJC_MSGSEND = YES;
				GCC_C_LANGUAGE_STANDARD = gnu11;
				GCC_NO_COMMON_BLOCKS = YES;
				GCC_WARN_64_TO_32_BIT_CONVERSION = YES;
				GCC_WARN_ABOUT_RETURN_TYPE = YES_ERROR;
				GCC_WARN_UNDECLARED_SELECTOR = YES;
				GCC_WARN_UNINITIALIZED_AUTOS = YES_AGGRESSIVE;
				GCC_WARN_UNUSED_FUNCTION = YES;
				GCC_WARN_UNUSED_VARIABLE = YES;
				IPHONEOS_DEPLOYMENT_TARGET = 11.4;
				MTL_ENABLE_DEBUG_INFO = NO;
				SDKROOT = iphoneos;
				SWIFT_COMPILATION_MODE = wholemodule;
				SWIFT_OPTIMIZATION_LEVEL = "-O";
				VALIDATE_PRODUCT = YES;
			};
			name = Release;
		};
		2F5E192021064402004B8103 /* Debug */ = {
			isa = XCBuildConfiguration;
			buildSettings = {
				ASSETCATALOG_COMPILER_APPICON_NAME = AppIcon;
				CODE_SIGN_STYLE = Automatic;
				INFOPLIST_FILE = StatsVB/Info.plist;
				LD_RUNPATH_SEARCH_PATHS = (
					"$(inherited)",
					"@executable_path/Frameworks",
				);
				PRODUCT_BUNDLE_IDENTIFIER = com.MakeSchool.StatsVB;
				PRODUCT_NAME = "$(TARGET_NAME)";
				SWIFT_VERSION = 4.0;
				TARGETED_DEVICE_FAMILY = 2;
			};
			name = Debug;
		};
		2F5E192121064402004B8103 /* Release */ = {
			isa = XCBuildConfiguration;
			buildSettings = {
				ASSETCATALOG_COMPILER_APPICON_NAME = AppIcon;
				CODE_SIGN_STYLE = Automatic;
				INFOPLIST_FILE = StatsVB/Info.plist;
				LD_RUNPATH_SEARCH_PATHS = (
					"$(inherited)",
					"@executable_path/Frameworks",
				);
				PRODUCT_BUNDLE_IDENTIFIER = com.MakeSchool.StatsVB;
				PRODUCT_NAME = "$(TARGET_NAME)";
				SWIFT_VERSION = 4.0;
				TARGETED_DEVICE_FAMILY = 2;
			};
			name = Release;
		};
		2F5E192321064402004B8103 /* Debug */ = {
			isa = XCBuildConfiguration;
			buildSettings = {
				ALWAYS_EMBED_SWIFT_STANDARD_LIBRARIES = YES;
				BUNDLE_LOADER = "$(TEST_HOST)";
				CODE_SIGN_STYLE = Automatic;
				INFOPLIST_FILE = StatsVBTests/Info.plist;
				LD_RUNPATH_SEARCH_PATHS = (
					"$(inherited)",
					"@executable_path/Frameworks",
					"@loader_path/Frameworks",
				);
				PRODUCT_BUNDLE_IDENTIFIER = com.MakeSchool.StatsVBTests;
				PRODUCT_NAME = "$(TARGET_NAME)";
				SWIFT_VERSION = 4.0;
				TARGETED_DEVICE_FAMILY = "1,2";
				TEST_HOST = "$(BUILT_PRODUCTS_DIR)/StatsVB.app/StatsVB";
			};
			name = Debug;
		};
		2F5E192421064402004B8103 /* Release */ = {
			isa = XCBuildConfiguration;
			buildSettings = {
				ALWAYS_EMBED_SWIFT_STANDARD_LIBRARIES = YES;
				BUNDLE_LOADER = "$(TEST_HOST)";
				CODE_SIGN_STYLE = Automatic;
				INFOPLIST_FILE = StatsVBTests/Info.plist;
				LD_RUNPATH_SEARCH_PATHS = (
					"$(inherited)",
					"@executable_path/Frameworks",
					"@loader_path/Frameworks",
				);
				PRODUCT_BUNDLE_IDENTIFIER = com.MakeSchool.StatsVBTests;
				PRODUCT_NAME = "$(TARGET_NAME)";
				SWIFT_VERSION = 4.0;
				TARGETED_DEVICE_FAMILY = "1,2";
				TEST_HOST = "$(BUILT_PRODUCTS_DIR)/StatsVB.app/StatsVB";
			};
			name = Release;
		};
		2F5E192621064402004B8103 /* Debug */ = {
			isa = XCBuildConfiguration;
			buildSettings = {
				ALWAYS_EMBED_SWIFT_STANDARD_LIBRARIES = YES;
				CODE_SIGN_STYLE = Automatic;
				INFOPLIST_FILE = StatsVBUITests/Info.plist;
				LD_RUNPATH_SEARCH_PATHS = (
					"$(inherited)",
					"@executable_path/Frameworks",
					"@loader_path/Frameworks",
				);
				PRODUCT_BUNDLE_IDENTIFIER = com.MakeSchool.StatsVBUITests;
				PRODUCT_NAME = "$(TARGET_NAME)";
				SWIFT_VERSION = 4.0;
				TARGETED_DEVICE_FAMILY = "1,2";
				TEST_TARGET_NAME = StatsVB;
			};
			name = Debug;
		};
		2F5E192721064402004B8103 /* Release */ = {
			isa = XCBuildConfiguration;
			buildSettings = {
				ALWAYS_EMBED_SWIFT_STANDARD_LIBRARIES = YES;
				CODE_SIGN_STYLE = Automatic;
				INFOPLIST_FILE = StatsVBUITests/Info.plist;
				LD_RUNPATH_SEARCH_PATHS = (
					"$(inherited)",
					"@executable_path/Frameworks",
					"@loader_path/Frameworks",
				);
				PRODUCT_BUNDLE_IDENTIFIER = com.MakeSchool.StatsVBUITests;
				PRODUCT_NAME = "$(TARGET_NAME)";
				SWIFT_VERSION = 4.0;
				TARGETED_DEVICE_FAMILY = "1,2";
				TEST_TARGET_NAME = StatsVB;
			};
			name = Release;
		};
/* End XCBuildConfiguration section */

/* Begin XCConfigurationList section */
		2F5E18EF21064400004B8103 /* Build configuration list for PBXProject "StatsVB" */ = {
			isa = XCConfigurationList;
			buildConfigurations = (
				2F5E191D21064402004B8103 /* Debug */,
				2F5E191E21064402004B8103 /* Release */,
			);
			defaultConfigurationIsVisible = 0;
			defaultConfigurationName = Release;
		};
		2F5E191F21064402004B8103 /* Build configuration list for PBXNativeTarget "StatsVB" */ = {
			isa = XCConfigurationList;
			buildConfigurations = (
				2F5E192021064402004B8103 /* Debug */,
				2F5E192121064402004B8103 /* Release */,
			);
			defaultConfigurationIsVisible = 0;
			defaultConfigurationName = Release;
		};
		2F5E192221064402004B8103 /* Build configuration list for PBXNativeTarget "StatsVBTests" */ = {
			isa = XCConfigurationList;
			buildConfigurations = (
				2F5E192321064402004B8103 /* Debug */,
				2F5E192421064402004B8103 /* Release */,
			);
			defaultConfigurationIsVisible = 0;
			defaultConfigurationName = Release;
		};
		2F5E192521064402004B8103 /* Build configuration list for PBXNativeTarget "StatsVBUITests" */ = {
			isa = XCConfigurationList;
			buildConfigurations = (
				2F5E192621064402004B8103 /* Debug */,
				2F5E192721064402004B8103 /* Release */,
			);
			defaultConfigurationIsVisible = 0;
			defaultConfigurationName = Release;
		};
/* End XCConfigurationList section */

/* Begin XCVersionGroup section */
		2F5E18FE21064400004B8103 /* StatsVB.xcdatamodeld */ = {
			isa = XCVersionGroup;
			children = (
				2F5E18FF21064400004B8103 /* StatsVB.xcdatamodel */,
			);
			currentVersion = 2F5E18FF21064400004B8103 /* StatsVB.xcdatamodel */;
			path = StatsVB.xcdatamodeld;
			sourceTree = "<group>";
			versionGroupType = wrapper.xcdatamodel;
		};
/* End XCVersionGroup section */
	};
	rootObject = 2F5E18EC21064400004B8103 /* Project object */;
}
